
Microsoft Visual Studio Solution File, Format Version 12.00
# Visual Studio Version 17
VisualStudioVersion = 17.12.35506.116
MinimumVisualStudioVersion = 10.0.40219.1
Project("{FAE04EC0-301F-11D3-BF4B-00C04F79EFBC}") = "StockTrackingApp.Core", "StockTrackingApp.Core\StockTrackingApp.Core.csproj", "{C595DA63-F60D-4DB4-90FD-796CF5E30CC8}"
EndProject
Project("{FAE04EC0-301F-11D3-BF4B-00C04F79EFBC}") = "StockTrackingApp.Entities", "StockTrackingApp.Entities\StockTrackingApp.Entities.csproj", "{D31D4A69-F1E8-4D82-A02B-2F4C61E58057}"
EndProject
Project("{FAE04EC0-301F-11D3-BF4B-00C04F79EFBC}") = "StockTrackingApp.Entities.Configuration", "StockTrackingApp.Entities.Configuration\StockTrackingApp.Entities.Configuration.csproj", "{69283A02-3F3E-44F8-BDEE-3F999559E985}"
EndProject
Project("{FAE04EC0-301F-11D3-BF4B-00C04F79EFBC}") = "StockTrackingApp.DataAccess", "StockTrackingApp.Entities.DataAccess\StockTrackingApp.DataAccess.csproj", "{F795387A-5945-48F0-A6FF-7A98A39D1819}"
EndProject
Project("{FAE04EC0-301F-11D3-BF4B-00C04F79EFBC}") = "StockTrackingApp.DataAccess.EFCore", "StockTrackingApp.DataAccess.EFCore\StockTrackingApp.DataAccess.EFCore.csproj", "{B954444A-A97E-4C1D-BB64-E80A1E33051F}"
EndProject
Project("{FAE04EC0-301F-11D3-BF4B-00C04F79EFBC}") = "StockTrackingApp.DataAccess.Interfaces", "StockTrackingApp.DataAccess.Interfaces\StockTrackingApp.DataAccess.Interfaces.csproj", "{DBAA14A2-F1AB-4975-A6F0-C95C2C3DD64B}"
EndProject
Project("{FAE04EC0-301F-11D3-BF4B-00C04F79EFBC}") = "StockTrackingApp.Dtos", "StockTrackingApp.Dtos\StockTrackingApp.Dtos.csproj", "{138C0349-1943-4024-BA11-00CA448271C9}"
EndProject
Project("{FAE04EC0-301F-11D3-BF4B-00C04F79EFBC}") = "StockTrackingApp.Business", "StockTrackingApp.Business\StockTrackingApp.Business.csproj", "{111C29AD-4486-4F4C-AC44-D4DD00A69747}"
EndProject
Project("{FAE04EC0-301F-11D3-BF4B-00C04F79EFBC}") = "StockTrackingApp.UI", "StockTrackingApp.UI\StockTrackingApp.UI.csproj", "{4100E24E-481C-40A4-9317-EB35F3364E46}"
EndProject
Project("{FAE04EC0-301F-11D3-BF4B-00C04F79EFBC}") = "StockTrackingApp.BackgroundJobs", "StockTrackingApp.BackgroundJobs\StockTrackingApp.BackgroundJobs.csproj", "{B8BC0F6B-FD06-46C6-B1C5-B6A3EDC47233}"
EndProject
Global
	GlobalSection(SolutionConfigurationPlatforms) = preSolution
		Debug|Any CPU = Debug|Any CPU
		Release|Any CPU = Release|Any CPU
	EndGlobalSection
	GlobalSection(ProjectConfigurationPlatforms) = postSolution
		{C595DA63-F60D-4DB4-90FD-796CF5E30CC8}.Debug|Any CPU.ActiveCfg = Debug|Any CPU
		{C595DA63-F60D-4DB4-90FD-796CF5E30CC8}.Debug|Any CPU.Build.0 = Debug|Any CPU
		{C595DA63-F60D-4DB4-90FD-796CF5E30CC8}.Release|Any CPU.ActiveCfg = Release|Any CPU
		{C595DA63-F60D-4DB4-90FD-796CF5E30CC8}.Release|Any CPU.Build.0 = Release|Any CPU
		{D31D4A69-F1E8-4D82-A02B-2F4C61E58057}.Debug|Any CPU.ActiveCfg = Debug|Any CPU
		{D31D4A69-F1E8-4D82-A02B-2F4C61E58057}.Debug|Any CPU.Build.0 = Debug|Any CPU
		{D31D4A69-F1E8-4D82-A02B-2F4C61E58057}.Release|Any CPU.ActiveCfg = Release|Any CPU
		{D31D4A69-F1E8-4D82-A02B-2F4C61E58057}.Release|Any CPU.Build.0 = Release|Any CPU
		{69283A02-3F3E-44F8-BDEE-3F999559E985}.Debug|Any CPU.ActiveCfg = Debug|Any CPU
		{69283A02-3F3E-44F8-BDEE-3F999559E985}.Debug|Any CPU.Build.0 = Debug|Any CPU
		{69283A02-3F3E-44F8-BDEE-3F999559E985}.Release|Any CPU.ActiveCfg = Release|Any CPU
		{69283A02-3F3E-44F8-BDEE-3F999559E985}.Release|Any CPU.Build.0 = Release|Any CPU
		{F795387A-5945-48F0-A6FF-7A98A39D1819}.Debug|Any CPU.ActiveCfg = Debug|Any CPU
		{F795387A-5945-48F0-A6FF-7A98A39D1819}.Debug|Any CPU.Build.0 = Debug|Any CPU
		{F795387A-5945-48F0-A6FF-7A98A39D1819}.Release|Any CPU.ActiveCfg = Release|Any CPU
		{F795387A-5945-48F0-A6FF-7A98A39D1819}.Release|Any CPU.Build.0 = Release|Any CPU
		{B954444A-A97E-4C1D-BB64-E80A1E33051F}.Debug|Any CPU.ActiveCfg = Debug|Any CPU
		{B954444A-A97E-4C1D-BB64-E80A1E33051F}.Debug|Any CPU.Build.0 = Debug|Any CPU
		{B954444A-A97E-4C1D-BB64-E80A1E33051F}.Release|Any CPU.ActiveCfg = Release|Any CPU
		{B954444A-A97E-4C1D-BB64-E80A1E33051F}.Release|Any CPU.Build.0 = Release|Any CPU
		{DBAA14A2-F1AB-4975-A6F0-C95C2C3DD64B}.Debug|Any CPU.ActiveCfg = Debug|Any CPU
		{DBAA14A2-F1AB-4975-A6F0-C95C2C3DD64B}.Debug|Any CPU.Build.0 = Debug|Any CPU
		{DBAA14A2-F1AB-4975-A6F0-C95C2C3DD64B}.Release|Any CPU.ActiveCfg = Release|Any CPU
		{DBAA14A2-F1AB-4975-A6F0-C95C2C3DD64B}.Release|Any CPU.Build.0 = Release|Any CPU
		{138C0349-1943-4024-BA11-00CA448271C9}.Debug|Any CPU.ActiveCfg = Debug|Any CPU
		{138C0349-1943-4024-BA11-00CA448271C9}.Debug|Any CPU.Build.0 = Debug|Any CPU
		{138C0349-1943-4024-BA11-00CA448271C9}.Release|Any CPU.ActiveCfg = Release|Any CPU
		{138C0349-1943-4024-BA11-00CA448271C9}.Release|Any CPU.Build.0 = Release|Any CPU
		{111C29AD-4486-4F4C-AC44-D4DD00A69747}.Debug|Any CPU.ActiveCfg = Debug|Any CPU
		{111C29AD-4486-4F4C-AC44-D4DD00A69747}.Debug|Any CPU.Build.0 = Debug|Any CPU
		{111C29AD-4486-4F4C-AC44-D4DD00A69747}.Release|Any CPU.ActiveCfg = Release|Any CPU
		{111C29AD-4486-4F4C-AC44-D4DD00A69747}.Release|Any CPU.Build.0 = Release|Any CPU
		{4100E24E-481C-40A4-9317-EB35F3364E46}.Debug|Any CPU.ActiveCfg = Debug|Any CPU
		{4100E24E-481C-40A4-9317-EB35F3364E46}.Debug|Any CPU.Build.0 = Debug|Any CPU
		{4100E24E-481C-40A4-9317-EB35F3364E46}.Release|Any CPU.ActiveCfg = Release|Any CPU
		{4100E24E-481C-40A4-9317-EB35F3364E46}.Release|Any CPU.Build.0 = Release|Any CPU
		{B8BC0F6B-FD06-46C6-B1C5-B6A3EDC47233}.Debug|Any CPU.ActiveCfg = Debug|Any CPU
		{B8BC0F6B-FD06-46C6-B1C5-B6A3EDC47233}.Debug|Any CPU.Build.0 = Debug|Any CPU
		{B8BC0F6B-FD06-46C6-B1C5-B6A3EDC47233}.Release|Any CPU.ActiveCfg = Release|Any CPU
		{B8BC0F6B-FD06-46C6-B1C5-B6A3EDC47233}.Release|Any CPU.Build.0 = Release|Any CPU
	EndGlobalSection
	GlobalSection(SolutionProperties) = preSolution
		HideSolutionNode = FALSE
	EndGlobalSection
EndGlobal
